
Microsoft Visual Studio Solution File, Format Version 12.00
# Visual Studio Version 16
VisualStudioVersion = 16.0.29709.97
MinimumVisualStudioVersion = 10.0.40219.1
Project("{FAE04EC0-301F-11D3-BF4B-00C04F79EFBC}") = "SingletonPatternExample", "SingletonPatternExample\SingletonPatternExample.csproj", "{28A1FA3D-D626-4CB8-9AAC-994C2C47D724}"
EndProject
Global
	GlobalSection(SolutionConfigurationPlatforms) = preSolution
		Debug|Any CPU = Debug|Any CPU
		Release|Any CPU = Release|Any CPU
	EndGlobalSection
	GlobalSection(ProjectConfigurationPlatforms) = postSolution
		{28A1FA3D-D626-4CB8-9AAC-994C2C47D724}.Debug|Any CPU.ActiveCfg = Debug|Any CPU
		{28A1FA3D-D626-4CB8-9AAC-994C2C47D724}.Debug|Any CPU.Build.0 = Debug|Any CPU
		{28A1FA3D-D626-4CB8-9AAC-994C2C47D724}.Release|Any CPU.ActiveCfg = Release|Any CPU
		{28A1FA3D-D626-4CB8-9AAC-994C2C47D724}.Release|Any CPU.Build.0 = Release|Any CPU
	EndGlobalSection
	GlobalSection(SolutionProperties) = preSolution
		HideSolutionNode = FALSE
	EndGlobalSection
	GlobalSection(ExtensibilityGlobals) = postSolution
		SolutionGuid = {9AC913D5-7983-407D-8A5F-F06B1EE66224}
	EndGlobalSection
EndGlobal
